
Microsoft Visual Studio Solution File, Format Version 12.00
# Visual Studio Version 17
VisualStudioVersion = 17.13.35931.197 d17.13
MinimumVisualStudioVersion = 10.0.40219.1
Project("{FAE04EC0-301F-11D3-BF4B-00C04F79EFBC}") = "DevOpsAPI", "DevOpsAPI\DevOpsAPI.csproj", "{ED975F2F-000F-435D-83C8-91EFEEEFFE7D}"
EndProject
Global
	GlobalSection(SolutionConfigurationPlatforms) = preSolution
		Debug|Any CPU = Debug|Any CPU
		Release|Any CPU = Release|Any CPU
	EndGlobalSection
	GlobalSection(ProjectConfigurationPlatforms) = postSolution
		{ED975F2F-000F-435D-83C8-91EFEEEFFE7D}.Debug|Any CPU.ActiveCfg = Debug|Any CPU
		{ED975F2F-000F-435D-83C8-91EFEEEFFE7D}.Debug|Any CPU.Build.0 = Debug|Any CPU
		{ED975F2F-000F-435D-83C8-91EFEEEFFE7D}.Release|Any CPU.ActiveCfg = Release|Any CPU
		{ED975F2F-000F-435D-83C8-91EFEEEFFE7D}.Release|Any CPU.Build.0 = Release|Any CPU
	EndGlobalSection
	GlobalSection(SolutionProperties) = preSolution
		HideSolutionNode = FALSE
	EndGlobalSection
	GlobalSection(ExtensibilityGlobals) = postSolution
		SolutionGuid = {AB07EAD8-6672-4510-ACE0-CED544E7D8CB}
	EndGlobalSection
EndGlobal
